
Microsoft Visual Studio Solution File, Format Version 12.00
# Visual Studio Version 16
VisualStudioVersion = 16.0.29728.190
MinimumVisualStudioVersion = 10.0.40219.1
Project("{FAE04EC0-301F-11D3-BF4B-00C04F79EFBC}") = "SimpleLoginMvc", "SimpleLoginMvc.csproj", "{27AAB9C1-B1F0-49F1-81B6-663359BA492B}"
EndProject
Global
	GlobalSection(SolutionConfigurationPlatforms) = preSolution
		Debug|Any CPU = Debug|Any CPU
		Release|Any CPU = Release|Any CPU
	EndGlobalSection
	GlobalSection(ProjectConfigurationPlatforms) = postSolution
		{27AAB9C1-B1F0-49F1-81B6-663359BA492B}.Debug|Any CPU.ActiveCfg = Debug|Any CPU
		{27AAB9C1-B1F0-49F1-81B6-663359BA492B}.Debug|Any CPU.Build.0 = Debug|Any CPU
		{27AAB9C1-B1F0-49F1-81B6-663359BA492B}.Release|Any CPU.ActiveCfg = Release|Any CPU
		{27AAB9C1-B1F0-49F1-81B6-663359BA492B}.Release|Any CPU.Build.0 = Release|Any CPU
	EndGlobalSection
	GlobalSection(SolutionProperties) = preSolution
		HideSolutionNode = FALSE
	EndGlobalSection
	GlobalSection(ExtensibilityGlobals) = postSolution
		SolutionGuid = {2F9AF049-D4CD-474D-9A0E-302C2B0B09ED}
	EndGlobalSection
EndGlobal
